
Microsoft Visual Studio Solution File, Format Version 12.00
# Visual Studio Version 16
VisualStudioVersion = 16.0.31025.194
MinimumVisualStudioVersion = 10.0.40219.1
Project("{FAE04EC0-301F-11D3-BF4B-00C04F79EFBC}") = "Soap", "Soap\Soap.csproj", "{0858A2DE-407A-4C6E-8E9C-D85176CE322F}"
EndProject
Global
	GlobalSection(SolutionConfigurationPlatforms) = preSolution
		Debug|Any CPU = Debug|Any CPU
		Release|Any CPU = Release|Any CPU
	EndGlobalSection
	GlobalSection(ProjectConfigurationPlatforms) = postSolution
		{0858A2DE-407A-4C6E-8E9C-D85176CE322F}.Debug|Any CPU.ActiveCfg = Debug|Any CPU
		{0858A2DE-407A-4C6E-8E9C-D85176CE322F}.Debug|Any CPU.Build.0 = Debug|Any CPU
		{0858A2DE-407A-4C6E-8E9C-D85176CE322F}.Release|Any CPU.ActiveCfg = Release|Any CPU
		{0858A2DE-407A-4C6E-8E9C-D85176CE322F}.Release|Any CPU.Build.0 = Release|Any CPU
	EndGlobalSection
	GlobalSection(SolutionProperties) = preSolution
		HideSolutionNode = FALSE
	EndGlobalSection
	GlobalSection(ExtensibilityGlobals) = postSolution
		SolutionGuid = {40886A24-4ED5-4ED1-BCF8-94BD06A3E32C}
	EndGlobalSection
EndGlobal
