
Microsoft Visual Studio Solution File, Format Version 12.00
# Visual Studio Version 16
VisualStudioVersion = 16.0.29905.134
MinimumVisualStudioVersion = 10.0.40219.1
Project("{FAE04EC0-301F-11D3-BF4B-00C04F79EFBC}") = "ConsoleApp1", "ConsoleApp1\ConsoleApp1.csproj", "{F2A4D668-2EA1-4F01-B537-31527B909959}"
EndProject
Project("{FAE04EC0-301F-11D3-BF4B-00C04F79EFBC}") = "Encoding", "Encoding\Encoding.csproj", "{BDF020CB-ECB3-4BEB-BE44-A6D2363C5448}"
EndProject
Project("{FAE04EC0-301F-11D3-BF4B-00C04F79EFBC}") = "ConsoleApp2", "ConsoleApp2\ConsoleApp2.csproj", "{891C4EFD-1970-4FA1-A06C-93DE92FAE5C3}"
EndProject
Global
	GlobalSection(SolutionConfigurationPlatforms) = preSolution
		Debug|Any CPU = Debug|Any CPU
		Release|Any CPU = Release|Any CPU
	EndGlobalSection
	GlobalSection(ProjectConfigurationPlatforms) = postSolution
		{F2A4D668-2EA1-4F01-B537-31527B909959}.Debug|Any CPU.ActiveCfg = Debug|Any CPU
		{F2A4D668-2EA1-4F01-B537-31527B909959}.Debug|Any CPU.Build.0 = Debug|Any CPU
		{F2A4D668-2EA1-4F01-B537-31527B909959}.Release|Any CPU.ActiveCfg = Release|Any CPU
		{F2A4D668-2EA1-4F01-B537-31527B909959}.Release|Any CPU.Build.0 = Release|Any CPU
		{BDF020CB-ECB3-4BEB-BE44-A6D2363C5448}.Debug|Any CPU.ActiveCfg = Debug|Any CPU
		{BDF020CB-ECB3-4BEB-BE44-A6D2363C5448}.Debug|Any CPU.Build.0 = Debug|Any CPU
		{BDF020CB-ECB3-4BEB-BE44-A6D2363C5448}.Release|Any CPU.ActiveCfg = Release|Any CPU
		{BDF020CB-ECB3-4BEB-BE44-A6D2363C5448}.Release|Any CPU.Build.0 = Release|Any CPU
		{891C4EFD-1970-4FA1-A06C-93DE92FAE5C3}.Debug|Any CPU.ActiveCfg = Debug|Any CPU
		{891C4EFD-1970-4FA1-A06C-93DE92FAE5C3}.Debug|Any CPU.Build.0 = Debug|Any CPU
		{891C4EFD-1970-4FA1-A06C-93DE92FAE5C3}.Release|Any CPU.ActiveCfg = Release|Any CPU
		{891C4EFD-1970-4FA1-A06C-93DE92FAE5C3}.Release|Any CPU.Build.0 = Release|Any CPU
	EndGlobalSection
	GlobalSection(SolutionProperties) = preSolution
		HideSolutionNode = FALSE
	EndGlobalSection
	GlobalSection(ExtensibilityGlobals) = postSolution
		SolutionGuid = {BB5E3317-F41C-4E54-8E87-C6A346A42288}
	EndGlobalSection
EndGlobal
