
Microsoft Visual Studio Solution File, Format Version 12.00
# Visual Studio Version 16
VisualStudioVersion = 16.0.31025.194
MinimumVisualStudioVersion = 10.0.40219.1
Project("{FAE04EC0-301F-11D3-BF4B-00C04F79EFBC}") = "SoapWebServiceSer", "SoapWebServiceSer\SoapWebServiceSer.csproj", "{97B7C50F-67AE-41F5-B0BF-BB5E7E8DBCA9}"
EndProject
Global
	GlobalSection(SolutionConfigurationPlatforms) = preSolution
		Debug|Any CPU = Debug|Any CPU
		Release|Any CPU = Release|Any CPU
	EndGlobalSection
	GlobalSection(ProjectConfigurationPlatforms) = postSolution
		{97B7C50F-67AE-41F5-B0BF-BB5E7E8DBCA9}.Debug|Any CPU.ActiveCfg = Debug|Any CPU
		{97B7C50F-67AE-41F5-B0BF-BB5E7E8DBCA9}.Debug|Any CPU.Build.0 = Debug|Any CPU
		{97B7C50F-67AE-41F5-B0BF-BB5E7E8DBCA9}.Release|Any CPU.ActiveCfg = Release|Any CPU
		{97B7C50F-67AE-41F5-B0BF-BB5E7E8DBCA9}.Release|Any CPU.Build.0 = Release|Any CPU
	EndGlobalSection
	GlobalSection(SolutionProperties) = preSolution
		HideSolutionNode = FALSE
	EndGlobalSection
	GlobalSection(ExtensibilityGlobals) = postSolution
		SolutionGuid = {76472D7D-3D26-408A-97F8-D3F7CA972430}
	EndGlobalSection
EndGlobal
